// !$*UTF8*$!
{
	archiveVersion = 1;
	classes = {
	};
	objectVersion = 50;
	objects = {

/* Begin PBXBuildFile section */
		8C6086B1237A848000108538 /* AppDelegate.swift in Sources */ = {isa = PBXBuildFile; fileRef = 8C6086B0237A848000108538 /* AppDelegate.swift */; };
		8C6086B3237A848000108538 /* ViewController.swift in Sources */ = {isa = PBXBuildFile; fileRef = 8C6086B2237A848000108538 /* ViewController.swift */; };
		8C6086B6237A848000108538 /* Main.storyboard in Resources */ = {isa = PBXBuildFile; fileRef = 8C6086B4237A848000108538 /* Main.storyboard */; };
		8C6086B8237A848200108538 /* Assets.xcassets in Resources */ = {isa = PBXBuildFile; fileRef = 8C6086B7237A848200108538 /* Assets.xcassets */; };
		8C6086BB237A848200108538 /* LaunchScreen.storyboard in Resources */ = {isa = PBXBuildFile; fileRef = 8C6086B9237A848200108538 /* LaunchScreen.storyboard */; };
		8C6086C3237A84A800108538 /* Shaders.metal in Sources */ = {isa = PBXBuildFile; fileRef = 8C6086C2237A84A800108538 /* Shaders.metal */; };
		8C6086C7237A89B600108538 /* MetalAdder.swift in Sources */ = {isa = PBXBuildFile; fileRef = 8C6086C6237A89B600108538 /* MetalAdder.swift */; };
		D2F6716823857A98009D1FCB /* Renderer.swift in Sources */ = {isa = PBXBuildFile; fileRef = D2F6716723857A98009D1FCB /* Renderer.swift */; };
/* End PBXBuildFile section */

/* Begin PBXFileReference section */
		8C6086AD237A848000108538 /* PerfCalc.app */ = {isa = PBXFileReference; explicitFileType = wrapper.application; includeInIndex = 0; path = PerfCalc.app; sourceTree = BUILT_PRODUCTS_DIR; };
		8C6086B0237A848000108538 /* AppDelegate.swift */ = {isa = PBXFileReference; lastKnownFileType = sourcecode.swift; path = AppDelegate.swift; sourceTree = "<group>"; };
		8C6086B2237A848000108538 /* ViewController.swift */ = {isa = PBXFileReference; lastKnownFileType = sourcecode.swift; path = ViewController.swift; sourceTree = "<group>"; };
		8C6086B5237A848000108538 /* Base */ = {isa = PBXFileReference; lastKnownFileType = file.storyboard; name = Base; path = Base.lproj/Main.storyboard; sourceTree = "<group>"; };
		8C6086B7237A848200108538 /* Assets.xcassets */ = {isa = PBXFileReference; lastKnownFileType = folder.assetcatalog; path = Assets.xcassets; sourceTree = "<group>"; };
		8C6086BA237A848200108538 /* Base */ = {isa = PBXFileReference; lastKnownFileType = file.storyboard; name = Base; path = Base.lproj/LaunchScreen.storyboard; sourceTree = "<group>"; };
		8C6086BC237A848200108538 /* Info.plist */ = {isa = PBXFileReference; lastKnownFileType = text.plist.xml; path = Info.plist; sourceTree = "<group>"; };
		8C6086C2237A84A800108538 /* Shaders.metal */ = {isa = PBXFileReference; lastKnownFileType = sourcecode.metal; path = Shaders.metal; sourceTree = "<group>"; };
		8C6086C6237A89B600108538 /* MetalAdder.swift */ = {isa = PBXFileReference; lastKnownFileType = sourcecode.swift; path = MetalAdder.swift; sourceTree = "<group>"; };
		D2F6716723857A98009D1FCB /* Renderer.swift */ = {isa = PBXFileReference; lastKnownFileType = sourcecode.swift; path = Renderer.swift; sourceTree = "<group>"; };
/* End PBXFileReference section */

/* Begin PBXFrameworksBuildPhase section */
		8C6086AA237A848000108538 /* Frameworks */ = {
			isa = PBXFrameworksBuildPhase;
			buildActionMask = 2147483647;
			files = (
			);
			runOnlyForDeploymentPostprocessing = 0;
		};
/* End PBXFrameworksBuildPhase section */

/* Begin PBXGroup section */
		8C6086A4237A848000108538 = {
			isa = PBXGroup;
			children = (
				8C6086AF237A848000108538 /* PerfCalc */,
				8C6086AE237A848000108538 /* Products */,
			);
			sourceTree = "<group>";
		};
		8C6086AE237A848000108538 /* Products */ = {
			isa = PBXGroup;
			children = (
				8C6086AD237A848000108538 /* PerfCalc.app */,
			);
			name = Products;
			sourceTree = "<group>";
		};
		8C6086AF237A848000108538 /* PerfCalc */ = {
			isa = PBXGroup;
			children = (
				D2F6716723857A98009D1FCB /* Renderer.swift */,
				8C6086C2237A84A800108538 /* Shaders.metal */,
				8C6086C6237A89B600108538 /* MetalAdder.swift */,
				8C6086B0237A848000108538 /* AppDelegate.swift */,
				8C6086B2237A848000108538 /* ViewController.swift */,
				8C6086B4237A848000108538 /* Main.storyboard */,
				8C6086B7237A848200108538 /* Assets.xcassets */,
				8C6086B9237A848200108538 /* LaunchScreen.storyboard */,
				8C6086BC237A848200108538 /* Info.plist */,
			);
			path = PerfCalc;
			sourceTree = "<group>";
		};
/* End PBXGroup section */

/* Begin PBXNativeTarget section */
		8C6086AC237A848000108538 /* PerfCalc */ = {
			isa = PBXNativeTarget;
			buildConfigurationList = 8C6086BF237A848200108538 /* Build configuration list for PBXNativeTarget "PerfCalc" */;
			buildPhases = (
				8C6086A9237A848000108538 /* Sources */,
				8C6086AA237A848000108538 /* Frameworks */,
				8C6086AB237A848000108538 /* Resources */,
			);
			buildRules = (
			);
			dependencies = (
			);
			name = PerfCalc;
			productName = PerfCalc;
			productReference = 8C6086AD237A848000108538 /* PerfCalc.app */;
			productType = "com.apple.product-type.application";
		};
/* End PBXNativeTarget section */

/* Begin PBXProject section */
		8C6086A5237A848000108538 /* Project object */ = {
			isa = PBXProject;
			attributes = {
				LastSwiftUpdateCheck = 1010;
				LastUpgradeCheck = 1010;
				ORGANIZATIONNAME = "Anton Shcherba";
				TargetAttributes = {
					8C6086AC237A848000108538 = {
						CreatedOnToolsVersion = 10.1;
					};
				};
			};
			buildConfigurationList = 8C6086A8237A848000108538 /* Build configuration list for PBXProject "PerfCalc" */;
			compatibilityVersion = "Xcode 9.3";
			developmentRegion = en;
			hasScannedForEncodings = 0;
			knownRegions = (
				en,
				Base,
			);
			mainGroup = 8C6086A4237A848000108538;
			productRefGroup = 8C6086AE237A848000108538 /* Products */;
			projectDirPath = "";
			projectRoot = "";
			targets = (
				8C6086AC237A848000108538 /* PerfCalc */,
			);
		};
/* End PBXProject section */

/* Begin PBXResourcesBuildPhase section */
		8C6086AB237A848000108538 /* Resources */ = {
			isa = PBXResourcesBuildPhase;
			buildActionMask = 2147483647;
			files = (
				8C6086BB237A848200108538 /* LaunchScreen.storyboard in Resources */,
				8C6086B8237A848200108538 /* Assets.xcassets in Resources */,
				8C6086B6237A848000108538 /* Main.storyboard in Resources */,
			);
			runOnlyForDeploymentPostprocessing = 0;
		};
/* End PBXResourcesBuildPhase section */

/* Begin PBXSourcesBuildPhase section */
		8C6086A9237A848000108538 /* Sources */ = {
			isa = PBXSourcesBuildPhase;
			buildActionMask = 2147483647;
			files = (
				8C6086C3237A84A800108538 /* Shaders.metal in Sources */,
				8C6086B3237A848000108538 /* ViewController.swift in Sources */,
				8C6086C7237A89B600108538 /* MetalAdder.swift in Sources */,
				D2F6716823857A98009D1FCB /* Renderer.swift in Sources */,
				8C6086B1237A848000108538 /* AppDelegate.swift in Sources */,
			);
			runOnlyForDeploymentPostprocessing = 0;
		};
/* End PBXSourcesBuildPhase section */

/* Begin PBXVariantGroup section */
		8C6086B4237A848000108538 /* Main.storyboard */ = {
			isa = PBXVariantGroup;
			children = (
				8C6086B5237A848000108538 /* Base */,
			);
			name = Main.storyboard;
			sourceTree = "<group>";
		};
		8C6086B9237A848200108538 /* LaunchScreen.storyboard */ = {
			isa = PBXVariantGroup;
			children = (
				8C6086BA237A848200108538 /* Base */,
			);
			name = LaunchScreen.storyboard;
			sourceTree = "<group>";
		};
/* End PBXVariantGroup section */

/* Begin XCBuildConfiguration section */
		8C6086BD237A848200108538 /* Debug */ = {
			isa = XCBuildConfiguration;
			buildSettings = {
				ALWAYS_SEARCH_USER_PATHS = NO;
				CLANG_ANALYZER_NONNULL = YES;
				CLANG_ANALYZER_NUMBER_OBJECT_CONVERSION = YES_AGGRESSIVE;
				CLANG_CXX_LANGUAGE_STANDARD = "gnu++14";
				CLANG_CXX_LIBRARY = "libc++";
				CLANG_ENABLE_MODULES = YES;
				CLANG_ENABLE_OBJC_ARC = YES;
				CLANG_ENABLE_OBJC_WEAK = YES;
				CLANG_WARN_BLOCK_CAPTURE_AUTORELEASING = YES;
				CLANG_WARN_BOOL_CONVERSION = YES;
				CLANG_WARN_COMMA = YES;
				CLANG_WARN_CONSTANT_CONVERSION = YES;
				CLANG_WARN_DEPRECATED_OBJC_IMPLEMENTATIONS = YES;
				CLANG_WARN_DIRECT_OBJC_ISA_USAGE = YES_ERROR;
				CLANG_WARN_DOCUMENTATION_COMMENTS = YES;
				CLANG_WARN_EMPTY_BODY = YES;
				CLANG_WARN_ENUM_CONVERSION = YES;
				CLANG_WARN_INFINITE_RECURSION = YES;
				CLANG_WARN_INT_CONVERSION = YES;
				CLANG_WARN_NON_LITERAL_NULL_CONVERSION = YES;
				CLANG_WARN_OBJC_IMPLICIT_RETAIN_SELF = YES;
				CLANG_WARN_OBJC_LITERAL_CONVERSION = YES;
				CLANG_WARN_OBJC_ROOT_CLASS = YES_ERROR;
				CLANG_WARN_RANGE_LOOP_ANALYSIS = YES;
				CLANG_WARN_STRICT_PROTOTYPES = YES;
				CLANG_WARN_SUSPICIOUS_MOVE = YES;
				CLANG_WARN_UNGUARDED_AVAILABILITY = YES_AGGRESSIVE;
				CLANG_WARN_UNREACHABLE_CODE = YES;
				CLANG_WARN__DUPLICATE_METHOD_MATCH = YES;
				CODE_SIGN_IDENTITY = "iPhone Developer";
				COPY_PHASE_STRIP = NO;
				DEBUG_INFORMATION_FORMAT = dwarf;
				ENABLE_STRICT_OBJC_MSGSEND = YES;
				ENABLE_TESTABILITY = YES;
				GCC_C_LANGUAGE_STANDARD = gnu11;
				GCC_DYNAMIC_NO_PIC = NO;
				GCC_NO_COMMON_BLOCKS = YES;
				GCC_OPTIMIZATION_LEVEL = 0;
				GCC_PREPROCESSOR_DEFINITIONS = (
					"DEBUG=1",
					"$(inherited)",
				);
				GCC_WARN_64_TO_32_BIT_CONVERSION = YES;
				GCC_WARN_ABOUT_RETURN_TYPE = YES_ERROR;
				GCC_WARN_UNDECLARED_SELECTOR = YES;
				GCC_WARN_UNINITIALIZED_AUTOS = YES_AGGRESSIVE;
				GCC_WARN_UNUSED_FUNCTION = YES;
				GCC_WARN_UNUSED_VARIABLE = YES;
				IPHONEOS_DEPLOYMENT_TARGET = 12.1;
				MTL_ENABLE_DEBUG_INFO = INCLUDE_SOURCE;
				MTL_FAST_MATH = YES;
				ONLY_ACTIVE_ARCH = YES;
				SDKROOT = iphoneos;
				SWIFT_ACTIVE_COMPILATION_CONDITIONS = DEBUG;
				SWIFT_OPTIMIZATION_LEVEL = "-Onone";
			};
			name = Debug;
		};
		8C6086BE237A848200108538 /* Release */ = {
			isa = XCBuildConfiguration;
			buildSettings = {
				ALWAYS_SEARCH_USER_PATHS = NO;
				CLANG_ANALYZER_NONNULL = YES;
				CLANG_ANALYZER_NUMBER_OBJECT_CONVERSION = YES_AGGRESSIVE;
				CLANG_CXX_LANGUAGE_STANDARD = "gnu++14";
				CLANG_CXX_LIBRARY = "libc++";
				CLANG_ENABLE_MODULES = YES;
				CLANG_ENABLE_OBJC_ARC = YES;
				CLANG_ENABLE_OBJC_WEAK = YES;
				CLANG_WARN_BLOCK_CAPTURE_AUTORELEASING = YES;
				CLANG_WARN_BOOL_CONVERSION = YES;
				CLANG_WARN_COMMA = YES;
				CLANG_WARN_CONSTANT_CONVERSION = YES;
				CLANG_WARN_DEPRECATED_OBJC_IMPLEMENTATIONS = YES;
				CLANG_WARN_DIRECT_OBJC_ISA_USAGE = YES_ERROR;
				CLANG_WARN_DOCUMENTATION_COMMENTS = YES;
				CLANG_WARN_EMPTY_BODY = YES;
				CLANG_WARN_ENUM_CONVERSION = YES;
				CLANG_WARN_INFINITE_RECURSION = YES;
				CLANG_WARN_INT_CONVERSION = YES;
				CLANG_WARN_NON_LITERAL_NULL_CONVERSION = YES;
				CLANG_WARN_OBJC_IMPLICIT_RETAIN_SELF = YES;
				CLANG_WARN_OBJC_LITERAL_CONVERSION = YES;
				CLANG_WARN_OBJC_ROOT_CLASS = YES_ERROR;
				CLANG_WARN_RANGE_LOOP_ANALYSIS = YES;
				CLANG_WARN_STRICT_PROTOTYPES = YES;
				CLANG_WARN_SUSPICIOUS_MOVE = YES;
				CLANG_WARN_UNGUARDED_AVAILABILITY = YES_AGGRESSIVE;
				CLANG_WARN_UNREACHABLE_CODE = YES;
				CLANG_WARN__DUPLICATE_METHOD_MATCH = YES;
				CODE_SIGN_IDENTITY = "iPhone Developer";
				COPY_PHASE_STRIP = NO;
				DEBUG_INFORMATION_FORMAT = "dwarf-with-dsym";
				ENABLE_NS_ASSERTIONS = NO;
				ENABLE_STRICT_OBJC_MSGSEND = YES;
				GCC_C_LANGUAGE_STANDARD = gnu11;
				GCC_NO_COMMON_BLOCKS = YES;
				GCC_WARN_64_TO_32_BIT_CONVERSION = YES;
				GCC_WARN_ABOUT_RETURN_TYPE = YES_ERROR;
				GCC_WARN_UNDECLARED_SELECTOR = YES;
				GCC_WARN_UNINITIALIZED_AUTOS = YES_AGGRESSIVE;
				GCC_WARN_UNUSED_FUNCTION = YES;
				GCC_WARN_UNUSED_VARIABLE = YES;
				IPHONEOS_DEPLOYMENT_TARGET = 12.1;
				MTL_ENABLE_DEBUG_INFO = NO;
				MTL_FAST_MATH = YES;
				SDKROOT = iphoneos;
				SWIFT_COMPILATION_MODE = wholemodule;
				SWIFT_OPTIMIZATION_LEVEL = "-O";
				VALIDATE_PRODUCT = YES;
			};
			name = Release;
		};
		8C6086C0237A848200108538 /* Debug */ = {
			isa = XCBuildConfiguration;
			buildSettings = {
				ASSETCATALOG_COMPILER_APPICON_NAME = AppIcon;
				CODE_SIGN_STYLE = Automatic;
				DEVELOPMENT_TEAM = MN9V6W9UPZ;
				INFOPLIST_FILE = PerfCalc/Info.plist;
				LD_RUNPATH_SEARCH_PATHS = (
					"$(inherited)",
					"@executable_path/Frameworks",
				);
				PRODUCT_BUNDLE_IDENTIFIER = com.anton.shcherba.PerfCalc;
				PRODUCT_NAME = "$(TARGET_NAME)";
				SWIFT_VERSION = 4.2;
				TARGETED_DEVICE_FAMILY = "1,2";
			};
			name = Debug;
		};
		8C6086C1237A848200108538 /* Release */ = {
			isa = XCBuildConfiguration;
			buildSettings = {
				ASSETCATALOG_COMPILER_APPICON_NAME = AppIcon;
				CODE_SIGN_STYLE = Automatic;
				DEVELOPMENT_TEAM = MN9V6W9UPZ;
				INFOPLIST_FILE = PerfCalc/Info.plist;
				LD_RUNPATH_SEARCH_PATHS = (
					"$(inherited)",
					"@executable_path/Frameworks",
				);
				PRODUCT_BUNDLE_IDENTIFIER = com.anton.shcherba.PerfCalc;
				PRODUCT_NAME = "$(TARGET_NAME)";
				SWIFT_VERSION = 4.2;
				TARGETED_DEVICE_FAMILY = "1,2";
			};
			name = Release;
		};
/* End XCBuildConfiguration section */

/* Begin XCConfigurationList section */
		8C6086A8237A848000108538 /* Build configuration list for PBXProject "PerfCalc" */ = {
			isa = XCConfigurationList;
			buildConfigurations = (
				8C6086BD237A848200108538 /* Debug */,
				8C6086BE237A848200108538 /* Release */,
			);
			defaultConfigurationIsVisible = 0;
			defaultConfigurationName = Release;
		};
		8C6086BF237A848200108538 /* Build configuration list for PBXNativeTarget "PerfCalc" */ = {
			isa = XCConfigurationList;
			buildConfigurations = (
				8C6086C0237A848200108538 /* Debug */,
				8C6086C1237A848200108538 /* Release */,
			);
			defaultConfigurationIsVisible = 0;
			defaultConfigurationName = Release;
		};
/* End XCConfigurationList section */
	};
	rootObject = 8C6086A5237A848000108538 /* Project object */;
}
